
Microsoft Visual Studio Solution File, Format Version 12.00
# Visual Studio Version 17
VisualStudioVersion = 17.5.33516.290
MinimumVisualStudioVersion = 10.0.40219.1
Project("{FAE04EC0-301F-11D3-BF4B-00C04F79EFBC}") = "Class Assignment Week 8", "Class Assignment Week 8.csproj", "{FAC3603C-206C-4937-BA79-B1ABB01712CE}"
EndProject
Global
	GlobalSection(SolutionConfigurationPlatforms) = preSolution
		Debug|Any CPU = Debug|Any CPU
		Release|Any CPU = Release|Any CPU
	EndGlobalSection
	GlobalSection(ProjectConfigurationPlatforms) = postSolution
		{FAC3603C-206C-4937-BA79-B1ABB01712CE}.Debug|Any CPU.ActiveCfg = Debug|Any CPU
		{FAC3603C-206C-4937-BA79-B1ABB01712CE}.Debug|Any CPU.Build.0 = Debug|Any CPU
		{FAC3603C-206C-4937-BA79-B1ABB01712CE}.Release|Any CPU.ActiveCfg = Release|Any CPU
		{FAC3603C-206C-4937-BA79-B1ABB01712CE}.Release|Any CPU.Build.0 = Release|Any CPU
	EndGlobalSection
	GlobalSection(SolutionProperties) = preSolution
		HideSolutionNode = FALSE
	EndGlobalSection
	GlobalSection(ExtensibilityGlobals) = postSolution
		SolutionGuid = {652F805A-205A-41CC-916A-7C4301ADCB55}
	EndGlobalSection
EndGlobal
